
Microsoft Visual Studio Solution File, Format Version 12.00
# Visual Studio 2013
VisualStudioVersion = 12.0.30110.0
MinimumVisualStudioVersion = 10.0.40219.1
Project("{E24C65DC-7377-472B-9ABA-BC803B73C61A}") = "PureJSWebSite", "http://localhost:48000", "{C018661E-2735-4469-8CC9-650BF568126D}"
	ProjectSection(WebsiteProperties) = preProject
		UseIISExpress = "true"
		TargetFrameworkMoniker = ".NETFramework,Version%3Dv4.5"
		Debug.AspNetCompiler.VirtualPath = "/localhost_48000"
		Debug.AspNetCompiler.PhysicalPath = "PureJSWebSite\"
		Debug.AspNetCompiler.TargetPath = "PrecompiledWeb\localhost_48000\"
		Debug.AspNetCompiler.Updateable = "true"
		Debug.AspNetCompiler.ForceOverwrite = "true"
		Debug.AspNetCompiler.FixedNames = "false"
		Debug.AspNetCompiler.Debug = "True"
		Release.AspNetCompiler.VirtualPath = "/localhost_48000"
		Release.AspNetCompiler.PhysicalPath = "PureJSWebSite\"
		Release.AspNetCompiler.TargetPath = "PrecompiledWeb\localhost_48000\"
		Release.AspNetCompiler.Updateable = "true"
		Release.AspNetCompiler.ForceOverwrite = "true"
		Release.AspNetCompiler.FixedNames = "false"
		Release.AspNetCompiler.Debug = "False"
		SlnRelativePath = "PureJSWebSite\"
		DefaultWebSiteLanguage = "Visual C#"
	EndProjectSection
EndProject
Project("{FAE04EC0-301F-11D3-BF4B-00C04F79EFBC}") = "Tests", "Tests\Tests.csproj", "{E909AEB3-3CF0-4211-AE8E-3237BE2C2FF6}"
EndProject
Global
	GlobalSection(SolutionConfigurationPlatforms) = preSolution
		Debug|Any CPU = Debug|Any CPU
		Release|Any CPU = Release|Any CPU
	EndGlobalSection
	GlobalSection(ProjectConfigurationPlatforms) = postSolution
		{C018661E-2735-4469-8CC9-650BF568126D}.Debug|Any CPU.ActiveCfg = Debug|Any CPU
		{C018661E-2735-4469-8CC9-650BF568126D}.Debug|Any CPU.Build.0 = Debug|Any CPU
		{C018661E-2735-4469-8CC9-650BF568126D}.Release|Any CPU.ActiveCfg = Debug|Any CPU
		{C018661E-2735-4469-8CC9-650BF568126D}.Release|Any CPU.Build.0 = Debug|Any CPU
		{E909AEB3-3CF0-4211-AE8E-3237BE2C2FF6}.Debug|Any CPU.ActiveCfg = Debug|Any CPU
		{E909AEB3-3CF0-4211-AE8E-3237BE2C2FF6}.Debug|Any CPU.Build.0 = Debug|Any CPU
		{E909AEB3-3CF0-4211-AE8E-3237BE2C2FF6}.Release|Any CPU.ActiveCfg = Release|Any CPU
		{E909AEB3-3CF0-4211-AE8E-3237BE2C2FF6}.Release|Any CPU.Build.0 = Release|Any CPU
	EndGlobalSection
	GlobalSection(SolutionProperties) = preSolution
		HideSolutionNode = FALSE
	EndGlobalSection
EndGlobal
